// !$*UTF8*$!
{
	archiveVersion = 1;
	classes = {
	};
	objectVersion = 46;
	objects = {

/* Begin PBXBuildFile section */
		F545A4781C03556C00720198 /* AppDelegate.swift in Sources */ = {isa = PBXBuildFile; fileRef = F545A4771C03556C00720198 /* AppDelegate.swift */; };
		F545A47A1C03556C00720198 /* ViewController.swift in Sources */ = {isa = PBXBuildFile; fileRef = F545A4791C03556C00720198 /* ViewController.swift */; };
		F545A47D1C03556C00720198 /* Main.storyboard in Resources */ = {isa = PBXBuildFile; fileRef = F545A47B1C03556C00720198 /* Main.storyboard */; };
		F545A47F1C03556C00720198 /* Assets.xcassets in Resources */ = {isa = PBXBuildFile; fileRef = F545A47E1C03556C00720198 /* Assets.xcassets */; };
		F545A4821C03556C00720198 /* LaunchScreen.storyboard in Resources */ = {isa = PBXBuildFile; fileRef = F545A4801C03556C00720198 /* LaunchScreen.storyboard */; };
/* End PBXBuildFile section */

/* Begin PBXFileReference section */
		F545A4741C03556C00720198 /* UIActivityMailer.app */ = {isa = PBXFileReference; explicitFileType = wrapper.application; includeInIndex = 0; path = UIActivityMailer.app; sourceTree = BUILT_PRODUCTS_DIR; };
		F545A4771C03556C00720198 /* AppDelegate.swift */ = {isa = PBXFileReference; lastKnownFileType = sourcecode.swift; path = AppDelegate.swift; sourceTree = "<group>"; };
		F545A4791C03556C00720198 /* ViewController.swift */ = {isa = PBXFileReference; lastKnownFileType = sourcecode.swift; path = ViewController.swift; sourceTree = "<group>"; };
		F545A47C1C03556C00720198 /* Base */ = {isa = PBXFileReference; lastKnownFileType = file.storyboard; name = Base; path = Base.lproj/Main.storyboard; sourceTree = "<group>"; };
		F545A47E1C03556C00720198 /* Assets.xcassets */ = {isa = PBXFileReference; lastKnownFileType = folder.assetcatalog; path = Assets.xcassets; sourceTree = "<group>"; };
		F545A4811C03556C00720198 /* Base */ = {isa = PBXFileReference; lastKnownFileType = file.storyboard; name = Base; path = Base.lproj/LaunchScreen.storyboard; sourceTree = "<group>"; };
		F545A4831C03556C00720198 /* Info.plist */ = {isa = PBXFileReference; lastKnownFileType = text.plist.xml; path = Info.plist; sourceTree = "<group>"; };
/* End PBXFileReference section */

/* Begin PBXFrameworksBuildPhase section */
		F545A4711C03556C00720198 /* Frameworks */ = {
			isa = PBXFrameworksBuildPhase;
			buildActionMask = 2147483647;
			files = (
			);
			runOnlyForDeploymentPostprocessing = 0;
		};
/* End PBXFrameworksBuildPhase section */

/* Begin PBXGroup section */
		F545A46B1C03556C00720198 = {
			isa = PBXGroup;
			children = (
				F545A4761C03556C00720198 /* UIActivityMailer */,
				F545A4751C03556C00720198 /* Products */,
			);
			sourceTree = "<group>";
		};
		F545A4751C03556C00720198 /* Products */ = {
			isa = PBXGroup;
			children = (
				F545A4741C03556C00720198 /* UIActivityMailer.app */,
			);
			name = Products;
			sourceTree = "<group>";
		};
		F545A4761C03556C00720198 /* UIActivityMailer */ = {
			isa = PBXGroup;
			children = (
				F545A4771C03556C00720198 /* AppDelegate.swift */,
				F545A4791C03556C00720198 /* ViewController.swift */,
				F545A47B1C03556C00720198 /* Main.storyboard */,
				F545A47E1C03556C00720198 /* Assets.xcassets */,
				F545A4801C03556C00720198 /* LaunchScreen.storyboard */,
				F545A4831C03556C00720198 /* Info.plist */,
			);
			path = UIActivityMailer;
			sourceTree = "<group>";
		};
/* End PBXGroup section */

/* Begin PBXNativeTarget section */
		F545A4731C03556C00720198 /* UIActivityMailer */ = {
			isa = PBXNativeTarget;
			buildConfigurationList = F545A4861C03556C00720198 /* Build configuration list for PBXNativeTarget "UIActivityMailer" */;
			buildPhases = (
				F545A4701C03556C00720198 /* Sources */,
				F545A4711C03556C00720198 /* Frameworks */,
				F545A4721C03556C00720198 /* Resources */,
			);
			buildRules = (
			);
			dependencies = (
			);
			name = UIActivityMailer;
			productName = UIActivityMailer;
			productReference = F545A4741C03556C00720198 /* UIActivityMailer.app */;
			productType = "com.apple.product-type.application";
		};
/* End PBXNativeTarget section */

/* Begin PBXProject section */
		F545A46C1C03556C00720198 /* Project object */ = {
			isa = PBXProject;
			attributes = {
				LastSwiftUpdateCheck = 0710;
				LastUpgradeCheck = 0710;
				ORGANIZATIONNAME = NFerocious;
				TargetAttributes = {
					F545A4731C03556C00720198 = {
						CreatedOnToolsVersion = 7.1.1;
					};
				};
			};
			buildConfigurationList = F545A46F1C03556C00720198 /* Build configuration list for PBXProject "UIActivityMailer" */;
			compatibilityVersion = "Xcode 3.2";
			developmentRegion = English;
			hasScannedForEncodings = 0;
			knownRegions = (
				en,
				Base,
			);
			mainGroup = F545A46B1C03556C00720198;
			productRefGroup = F545A4751C03556C00720198 /* Products */;
			projectDirPath = "";
			projectRoot = "";
			targets = (
				F545A4731C03556C00720198 /* UIActivityMailer */,
			);
		};
/* End PBXProject section */

/* Begin PBXResourcesBuildPhase section */
		F545A4721C03556C00720198 /* Resources */ = {
			isa = PBXResourcesBuildPhase;
			buildActionMask = 2147483647;
			files = (
				F545A4821C03556C00720198 /* LaunchScreen.storyboard in Resources */,
				F545A47F1C03556C00720198 /* Assets.xcassets in Resources */,
				F545A47D1C03556C00720198 /* Main.storyboard in Resources */,
			);
			runOnlyForDeploymentPostprocessing = 0;
		};
/* End PBXResourcesBuildPhase section */

/* Begin PBXSourcesBuildPhase section */
		F545A4701C03556C00720198 /* Sources */ = {
			isa = PBXSourcesBuildPhase;
			buildActionMask = 2147483647;
			files = (
				F545A47A1C03556C00720198 /* ViewController.swift in Sources */,
				F545A4781C03556C00720198 /* AppDelegate.swift in Sources */,
			);
			runOnlyForDeploymentPostprocessing = 0;
		};
/* End PBXSourcesBuildPhase section */

/* Begin PBXVariantGroup section */
		F545A47B1C03556C00720198 /* Main.storyboard */ = {
			isa = PBXVariantGroup;
			children = (
				F545A47C1C03556C00720198 /* Base */,
			);
			name = Main.storyboard;
			sourceTree = "<group>";
		};
		F545A4801C03556C00720198 /* LaunchScreen.storyboard */ = {
			isa = PBXVariantGroup;
			children = (
				F545A4811C03556C00720198 /* Base */,
			);
			name = LaunchScreen.storyboard;
			sourceTree = "<group>";
		};
/* End PBXVariantGroup section */

/* Begin XCBuildConfiguration section */
		F545A4841C03556C00720198 /* Debug */ = {
			isa = XCBuildConfiguration;
			buildSettings = {
				ALWAYS_SEARCH_USER_PATHS = NO;
				CLANG_CXX_LANGUAGE_STANDARD = "gnu++0x";
				CLANG_CXX_LIBRARY = "libc++";
				CLANG_ENABLE_MODULES = YES;
				CLANG_ENABLE_OBJC_ARC = YES;
				CLANG_WARN_BOOL_CONVERSION = YES;
				CLANG_WARN_CONSTANT_CONVERSION = YES;
				CLANG_WARN_DIRECT_OBJC_ISA_USAGE = YES_ERROR;
				CLANG_WARN_EMPTY_BODY = YES;
				CLANG_WARN_ENUM_CONVERSION = YES;
				CLANG_WARN_INT_CONVERSION = YES;
				CLANG_WARN_OBJC_ROOT_CLASS = YES_ERROR;
				CLANG_WARN_UNREACHABLE_CODE = YES;
				CLANG_WARN__DUPLICATE_METHOD_MATCH = YES;
				"CODE_SIGN_IDENTITY[sdk=iphoneos*]" = "iPhone Developer";
				COPY_PHASE_STRIP = NO;
				DEBUG_INFORMATION_FORMAT = dwarf;
				ENABLE_STRICT_OBJC_MSGSEND = YES;
				ENABLE_TESTABILITY = YES;
				GCC_C_LANGUAGE_STANDARD = gnu99;
				GCC_DYNAMIC_NO_PIC = NO;
				GCC_NO_COMMON_BLOCKS = YES;
				GCC_OPTIMIZATION_LEVEL = 0;
				GCC_PREPROCESSOR_DEFINITIONS = (
					"DEBUG=1",
					"$(inherited)",
				);
				GCC_WARN_64_TO_32_BIT_CONVERSION = YES;
				GCC_WARN_ABOUT_RETURN_TYPE = YES_ERROR;
				GCC_WARN_UNDECLARED_SELECTOR = YES;
				GCC_WARN_UNINITIALIZED_AUTOS = YES_AGGRESSIVE;
				GCC_WARN_UNUSED_FUNCTION = YES;
				GCC_WARN_UNUSED_VARIABLE = YES;
				IPHONEOS_DEPLOYMENT_TARGET = 9.1;
				MTL_ENABLE_DEBUG_INFO = YES;
				ONLY_ACTIVE_ARCH = YES;
				SDKROOT = iphoneos;
				SWIFT_OPTIMIZATION_LEVEL = "-Onone";
				TARGETED_DEVICE_FAMILY = "1,2";
			};
			name = Debug;
		};
		F545A4851C03556C00720198 /* Release */ = {
			isa = XCBuildConfiguration;
			buildSettings = {
				ALWAYS_SEARCH_USER_PATHS = NO;
				CLANG_CXX_LANGUAGE_STANDARD = "gnu++0x";
				CLANG_CXX_LIBRARY = "libc++";
				CLANG_ENABLE_MODULES = YES;
				CLANG_ENABLE_OBJC_ARC = YES;
				CLANG_WARN_BOOL_CONVERSION = YES;
				CLANG_WARN_CONSTANT_CONVERSION = YES;
				CLANG_WARN_DIRECT_OBJC_ISA_USAGE = YES_ERROR;
				CLANG_WARN_EMPTY_BODY = YES;
				CLANG_WARN_ENUM_CONVERSION = YES;
				CLANG_WARN_INT_CONVERSION = YES;
				CLANG_WARN_OBJC_ROOT_CLASS = YES_ERROR;
				CLANG_WARN_UNREACHABLE_CODE = YES;
				CLANG_WARN__DUPLICATE_METHOD_MATCH = YES;
				"CODE_SIGN_IDENTITY[sdk=iphoneos*]" = "iPhone Developer";
				COPY_PHASE_STRIP = NO;
				DEBUG_INFORMATION_FORMAT = "dwarf-with-dsym";
				ENABLE_NS_ASSERTIONS = NO;
				ENABLE_STRICT_OBJC_MSGSEND = YES;
				GCC_C_LANGUAGE_STANDARD = gnu99;
				GCC_NO_COMMON_BLOCKS = YES;
				GCC_WARN_64_TO_32_BIT_CONVERSION = YES;
				GCC_WARN_ABOUT_RETURN_TYPE = YES_ERROR;
				GCC_WARN_UNDECLARED_SELECTOR = YES;
				GCC_WARN_UNINITIALIZED_AUTOS = YES_AGGRESSIVE;
				GCC_WARN_UNUSED_FUNCTION = YES;
				GCC_WARN_UNUSED_VARIABLE = YES;
				IPHONEOS_DEPLOYMENT_TARGET = 9.1;
				MTL_ENABLE_DEBUG_INFO = NO;
				SDKROOT = iphoneos;
				TARGETED_DEVICE_FAMILY = "1,2";
				VALIDATE_PRODUCT = YES;
			};
			name = Release;
		};
		F545A4871C03556C00720198 /* Debug */ = {
			isa = XCBuildConfiguration;
			buildSettings = {
				ASSETCATALOG_COMPILER_APPICON_NAME = AppIcon;
				INFOPLIST_FILE = UIActivityMailer/Info.plist;
				LD_RUNPATH_SEARCH_PATHS = "$(inherited) @executable_path/Frameworks";
				PRODUCT_BUNDLE_IDENTIFIER = NFerocious.UIActivityMailer;
				PRODUCT_NAME = "$(TARGET_NAME)";
			};
			name = Debug;
		};
		F545A4881C03556C00720198 /* Release */ = {
			isa = XCBuildConfiguration;
			buildSettings = {
				ASSETCATALOG_COMPILER_APPICON_NAME = AppIcon;
				INFOPLIST_FILE = UIActivityMailer/Info.plist;
				LD_RUNPATH_SEARCH_PATHS = "$(inherited) @executable_path/Frameworks";
				PRODUCT_BUNDLE_IDENTIFIER = NFerocious.UIActivityMailer;
				PRODUCT_NAME = "$(TARGET_NAME)";
			};
			name = Release;
		};
/* End XCBuildConfiguration section */

/* Begin XCConfigurationList section */
		F545A46F1C03556C00720198 /* Build configuration list for PBXProject "UIActivityMailer" */ = {
			isa = XCConfigurationList;
			buildConfigurations = (
				F545A4841C03556C00720198 /* Debug */,
				F545A4851C03556C00720198 /* Release */,
			);
			defaultConfigurationIsVisible = 0;
			defaultConfigurationName = Release;
		};
		F545A4861C03556C00720198 /* Build configuration list for PBXNativeTarget "UIActivityMailer" */ = {
			isa = XCConfigurationList;
			buildConfigurations = (
				F545A4871C03556C00720198 /* Debug */,
				F545A4881C03556C00720198 /* Release */,
			);
			defaultConfigurationIsVisible = 0;
		};
/* End XCConfigurationList section */
	};
	rootObject = F545A46C1C03556C00720198 /* Project object */;
}
